// !$*UTF8*$!
{
	archiveVersion = 1;
	classes = {
	};
	objectVersion = 51;
	objects = {

/* Begin PBXBuildFile section */
		7532189424293284003C0462 /* Posts + Sql.swift in Sources */ = {isa = PBXBuildFile; fileRef = 7532189324293284003C0462 /* Posts + Sql.swift */; };
		7575F4E02427A65D00764B77 /* ModelSql.swift in Sources */ = {isa = PBXBuildFile; fileRef = 7575F4DF2427A65D00764B77 /* ModelSql.swift */; };
		7575F4E22427AAD600764B77 /* libsqlite3.0.tbd in Frameworks */ = {isa = PBXBuildFile; fileRef = 7575F4E12427AAB200764B77 /* libsqlite3.0.tbd */; };
		75B104B1242D1ED3009CCC0A /* Model.swift in Sources */ = {isa = PBXBuildFile; fileRef = 75B104B0242D1ED3009CCC0A /* Model.swift */; };
		BC151A2F2402A26D005CCCB0 /* FireStoreManager.swift in Sources */ = {isa = PBXBuildFile; fileRef = BC151A2E2402A26D005CCCB0 /* FireStoreManager.swift */; };
		BC173D8423FC253100A21104 /* RegisterViewController.swift in Sources */ = {isa = PBXBuildFile; fileRef = BC173D8323FC253100A21104 /* RegisterViewController.swift */; };
		BC1E7C8E23FEB44000A13948 /* FeedViewController.swift in Sources */ = {isa = PBXBuildFile; fileRef = BC1E7C8D23FEB44000A13948 /* FeedViewController.swift */; };
		BC28C8FD2405808500ECF857 /* extention.swift in Sources */ = {isa = PBXBuildFile; fileRef = BC28C8FC2405808500ECF857 /* extention.swift */; };
		BC28C8FF2405824000ECF857 /* ProductCell.swift in Sources */ = {isa = PBXBuildFile; fileRef = BC28C8FE2405824000ECF857 /* ProductCell.swift */; };
		BC54D0222445E28F00921363 /* PopUpPostViewController.swift in Sources */ = {isa = PBXBuildFile; fileRef = BC54D0212445E28F00921363 /* PopUpPostViewController.swift */; };
		BC56093C23D1C01B003DC8FD /* FireBaseManager.swift in Sources */ = {isa = PBXBuildFile; fileRef = BC56093B23D1C01B003DC8FD /* FireBaseManager.swift */; };
		BC5D28B023FD4A9F00D76D24 /* UserData.swift in Sources */ = {isa = PBXBuildFile; fileRef = BC5D28AF23FD4A9F00D76D24 /* UserData.swift */; };
		BC723CA22412A0BC00184B05 /* CoreLocation.framework in Frameworks */ = {isa = PBXBuildFile; fileRef = BC723CA02412A07C00184B05 /* CoreLocation.framework */; };
		BC723CA72412A11100184B05 /* LocationService.swift in Sources */ = {isa = PBXBuildFile; fileRef = BC723CA62412A11100184B05 /* LocationService.swift */; };
		BC723CA92412A79D00184B05 /* AroundViewController.swift in Sources */ = {isa = PBXBuildFile; fileRef = BC723CA82412A79D00184B05 /* AroundViewController.swift */; };
		BC723CAB2412A86800184B05 /* MapKit.framework in Frameworks */ = {isa = PBXBuildFile; fileRef = BC723CAA2412A86800184B05 /* MapKit.framework */; };
		BC723CAF2412B7A900184B05 /* UserAnnotation.swift in Sources */ = {isa = PBXBuildFile; fileRef = BC723CAE2412B7A900184B05 /* UserAnnotation.swift */; };
		BC84B7B023F98BFD001A5EBF /* ProfileViewController.swift in Sources */ = {isa = PBXBuildFile; fileRef = BC84B7AF23F98BFD001A5EBF /* ProfileViewController.swift */; };
		BCA7EBA224222B1400BC3A69 /* DBManager.swift in Sources */ = {isa = PBXBuildFile; fileRef = BCA7EBA124222B1400BC3A69 /* DBManager.swift */; };
		BCB324FD243608670044E5AD /* User + Sql.swift in Sources */ = {isa = PBXBuildFile; fileRef = BCB324FC243608670044E5AD /* User + Sql.swift */; };
		BCB7782D2413F53A00F3617F /* UiColor+Hex.swift in Sources */ = {isa = PBXBuildFile; fileRef = BCB7782C2413F53A00F3617F /* UiColor+Hex.swift */; };
		BCB77831241417FA00F3617F /* Artwork.swift in Sources */ = {isa = PBXBuildFile; fileRef = BCB77830241417FA00F3617F /* Artwork.swift */; };
		BCB778332414234B00F3617F /* ArtworkViews.swift in Sources */ = {isa = PBXBuildFile; fileRef = BCB778322414234B00F3617F /* ArtworkViews.swift */; };
		BCC352BA240D417E00FA1D4E /* (null) in Embed Frameworks */ = {isa = PBXBuildFile; settings = {ATTRIBUTES = (CodeSignOnCopy, RemoveHeadersOnCopy, ); }; };
		BCCBE1A22403F91C00951426 /* PostManager.swift in Sources */ = {isa = PBXBuildFile; fileRef = BCCBE1A12403F91C00951426 /* PostManager.swift */; };
		BCCBE1A42404022C00951426 /* addPostViewController.swift in Sources */ = {isa = PBXBuildFile; fileRef = BCCBE1A32404022C00951426 /* addPostViewController.swift */; };
		BCDC50B22435EE9C0099E6C2 /* UIimage + Extension.swift in Sources */ = {isa = PBXBuildFile; fileRef = BCDC50B12435EE9C0099E6C2 /* UIimage + Extension.swift */; };
		BCDF913C240572CD002977B1 /* Product.swift in Sources */ = {isa = PBXBuildFile; fileRef = BCDF913B240572CD002977B1 /* Product.swift */; };
		BCE092B72441F7F000BD4730 /* Service.swift in Sources */ = {isa = PBXBuildFile; fileRef = BCE092B62441F7F000BD4730 /* Service.swift */; };
		DE7FB334F579BC3E1AE8ECB9 /* Pods_Around.framework in Frameworks */ = {isa = PBXBuildFile; fileRef = CD6B94DEA20A4AA9F128908C /* Pods_Around.framework */; };
		E457EA8E23A800B4000A7DE7 /* AppDelegate.swift in Sources */ = {isa = PBXBuildFile; fileRef = E457EA8D23A800B4000A7DE7 /* AppDelegate.swift */; };
		E457EA9023A800B4000A7DE7 /* SceneDelegate.swift in Sources */ = {isa = PBXBuildFile; fileRef = E457EA8F23A800B4000A7DE7 /* SceneDelegate.swift */; };
		E457EA9523A800B4000A7DE7 /* Main.storyboard in Resources */ = {isa = PBXBuildFile; fileRef = E457EA9323A800B4000A7DE7 /* Main.storyboard */; };
		E457EA9723A800B8000A7DE7 /* Assets.xcassets in Resources */ = {isa = PBXBuildFile; fileRef = E457EA9623A800B8000A7DE7 /* Assets.xcassets */; };
		E457EA9A23A800B8000A7DE7 /* LaunchScreen.storyboard in Resources */ = {isa = PBXBuildFile; fileRef = E457EA9823A800B8000A7DE7 /* LaunchScreen.storyboard */; };
		E4C9D4C823CA0A1400E94A9B /* GoogleService-Info.plist in Resources */ = {isa = PBXBuildFile; fileRef = E4C9D4C723CA0A1400E94A9B /* GoogleService-Info.plist */; };
		E4C9D4CA23CA128A00E94A9B /* SignInViewController.swift in Sources */ = {isa = PBXBuildFile; fileRef = E4C9D4C923CA128A00E94A9B /* SignInViewController.swift */; };
		E4C9D4CC23CA377700E94A9B /* HomeViewController.swift in Sources */ = {isa = PBXBuildFile; fileRef = E4C9D4CB23CA377700E94A9B /* HomeViewController.swift */; };
/* End PBXBuildFile section */

/* Begin PBXCopyFilesBuildPhase section */
		BCC352BB240D417E00FA1D4E /* Embed Frameworks */ = {
			isa = PBXCopyFilesBuildPhase;
			buildActionMask = 2147483647;
			dstPath = "";
			dstSubfolderSpec = 10;
			files = (
				BCC352BA240D417E00FA1D4E /* (null) in Embed Frameworks */,
			);
			name = "Embed Frameworks";
			runOnlyForDeploymentPostprocessing = 0;
		};
/* End PBXCopyFilesBuildPhase section */

/* Begin PBXFileReference section */
		284D865E8E08931ADF8C94F8 /* Pods-Around.debug.xcconfig */ = {isa = PBXFileReference; includeInIndex = 1; lastKnownFileType = text.xcconfig; name = "Pods-Around.debug.xcconfig"; path = "Target Support Files/Pods-Around/Pods-Around.debug.xcconfig"; sourceTree = "<group>"; };
		7532189324293284003C0462 /* Posts + Sql.swift */ = {isa = PBXFileReference; lastKnownFileType = sourcecode.swift; path = "Posts + Sql.swift"; sourceTree = "<group>"; };
		7575F4DF2427A65D00764B77 /* ModelSql.swift */ = {isa = PBXFileReference; lastKnownFileType = sourcecode.swift; path = ModelSql.swift; sourceTree = "<group>"; };
		7575F4E12427AAB200764B77 /* libsqlite3.0.tbd */ = {isa = PBXFileReference; lastKnownFileType = "sourcecode.text-based-dylib-definition"; name = libsqlite3.0.tbd; path = usr/lib/libsqlite3.0.tbd; sourceTree = SDKROOT; };
		7575F4E32427ABFE00764B77 /* Around-Bridging-Header.h */ = {isa = PBXFileReference; lastKnownFileType = sourcecode.c.h; path = "Around-Bridging-Header.h"; sourceTree = "<group>"; };
		75B104B0242D1ED3009CCC0A /* Model.swift */ = {isa = PBXFileReference; lastKnownFileType = sourcecode.swift; path = Model.swift; sourceTree = "<group>"; };
		AF762B1DC884733B41F1C6C3 /* Pods-Around.release.xcconfig */ = {isa = PBXFileReference; includeInIndex = 1; lastKnownFileType = text.xcconfig; name = "Pods-Around.release.xcconfig"; path = "Target Support Files/Pods-Around/Pods-Around.release.xcconfig"; sourceTree = "<group>"; };
		BC151A2E2402A26D005CCCB0 /* FireStoreManager.swift */ = {isa = PBXFileReference; lastKnownFileType = sourcecode.swift; path = FireStoreManager.swift; sourceTree = "<group>"; };
		BC173D8323FC253100A21104 /* RegisterViewController.swift */ = {isa = PBXFileReference; lastKnownFileType = sourcecode.swift; path = RegisterViewController.swift; sourceTree = "<group>"; };
		BC1E7C8D23FEB44000A13948 /* FeedViewController.swift */ = {isa = PBXFileReference; lastKnownFileType = sourcecode.swift; path = FeedViewController.swift; sourceTree = "<group>"; };
		BC28C8FC2405808500ECF857 /* extention.swift */ = {isa = PBXFileReference; lastKnownFileType = sourcecode.swift; path = extention.swift; sourceTree = "<group>"; };
		BC28C8FE2405824000ECF857 /* ProductCell.swift */ = {isa = PBXFileReference; lastKnownFileType = sourcecode.swift; path = ProductCell.swift; sourceTree = "<group>"; };
		BC54D0212445E28F00921363 /* PopUpPostViewController.swift */ = {isa = PBXFileReference; lastKnownFileType = sourcecode.swift; path = PopUpPostViewController.swift; sourceTree = "<group>"; };
		BC56093B23D1C01B003DC8FD /* FireBaseManager.swift */ = {isa = PBXFileReference; lastKnownFileType = sourcecode.swift; path = FireBaseManager.swift; sourceTree = "<group>"; };
		BC5D28AF23FD4A9F00D76D24 /* UserData.swift */ = {isa = PBXFileReference; lastKnownFileType = sourcecode.swift; path = UserData.swift; sourceTree = "<group>"; };
		BC723CA02412A07C00184B05 /* CoreLocation.framework */ = {isa = PBXFileReference; lastKnownFileType = wrapper.framework; name = CoreLocation.framework; path = System/Library/Frameworks/CoreLocation.framework; sourceTree = SDKROOT; };
		BC723CA62412A11100184B05 /* LocationService.swift */ = {isa = PBXFileReference; lastKnownFileType = sourcecode.swift; path = LocationService.swift; sourceTree = "<group>"; };
		BC723CA82412A79D00184B05 /* AroundViewController.swift */ = {isa = PBXFileReference; lastKnownFileType = sourcecode.swift; path = AroundViewController.swift; sourceTree = "<group>"; };
		BC723CAA2412A86800184B05 /* MapKit.framework */ = {isa = PBXFileReference; lastKnownFileType = wrapper.framework; name = MapKit.framework; path = System/Library/Frameworks/MapKit.framework; sourceTree = SDKROOT; };
		BC723CAE2412B7A900184B05 /* UserAnnotation.swift */ = {isa = PBXFileReference; lastKnownFileType = sourcecode.swift; path = UserAnnotation.swift; sourceTree = "<group>"; };
		BC84B7AF23F98BFD001A5EBF /* ProfileViewController.swift */ = {isa = PBXFileReference; lastKnownFileType = sourcecode.swift; path = ProfileViewController.swift; sourceTree = "<group>"; };
		BCA7EBA124222B1400BC3A69 /* DBManager.swift */ = {isa = PBXFileReference; lastKnownFileType = sourcecode.swift; path = DBManager.swift; sourceTree = "<group>"; };
		BCB324FC243608670044E5AD /* User + Sql.swift */ = {isa = PBXFileReference; lastKnownFileType = sourcecode.swift; path = "User + Sql.swift"; sourceTree = "<group>"; };
		BCB7782C2413F53A00F3617F /* UiColor+Hex.swift */ = {isa = PBXFileReference; lastKnownFileType = sourcecode.swift; path = "UiColor+Hex.swift"; sourceTree = "<group>"; };
		BCB77830241417FA00F3617F /* Artwork.swift */ = {isa = PBXFileReference; lastKnownFileType = sourcecode.swift; path = Artwork.swift; sourceTree = "<group>"; };
		BCB778322414234B00F3617F /* ArtworkViews.swift */ = {isa = PBXFileReference; lastKnownFileType = sourcecode.swift; path = ArtworkViews.swift; sourceTree = "<group>"; };
		BCCBE1A12403F91C00951426 /* PostManager.swift */ = {isa = PBXFileReference; lastKnownFileType = sourcecode.swift; path = PostManager.swift; sourceTree = "<group>"; };
		BCCBE1A32404022C00951426 /* addPostViewController.swift */ = {isa = PBXFileReference; lastKnownFileType = sourcecode.swift; path = addPostViewController.swift; sourceTree = "<group>"; };
		BCDC50B12435EE9C0099E6C2 /* UIimage + Extension.swift */ = {isa = PBXFileReference; lastKnownFileType = sourcecode.swift; path = "UIimage + Extension.swift"; sourceTree = "<group>"; };
		BCDF913B240572CD002977B1 /* Product.swift */ = {isa = PBXFileReference; lastKnownFileType = sourcecode.swift; path = Product.swift; sourceTree = "<group>"; };
		BCE092B62441F7F000BD4730 /* Service.swift */ = {isa = PBXFileReference; lastKnownFileType = sourcecode.swift; path = Service.swift; sourceTree = "<group>"; };
		CD6B94DEA20A4AA9F128908C /* Pods_Around.framework */ = {isa = PBXFileReference; explicitFileType = wrapper.framework; includeInIndex = 0; path = Pods_Around.framework; sourceTree = BUILT_PRODUCTS_DIR; };
		E457EA8A23A800B4000A7DE7 /* Around.app */ = {isa = PBXFileReference; explicitFileType = wrapper.application; includeInIndex = 0; path = Around.app; sourceTree = BUILT_PRODUCTS_DIR; };
		E457EA8D23A800B4000A7DE7 /* AppDelegate.swift */ = {isa = PBXFileReference; lastKnownFileType = sourcecode.swift; path = AppDelegate.swift; sourceTree = "<group>"; };
		E457EA8F23A800B4000A7DE7 /* SceneDelegate.swift */ = {isa = PBXFileReference; lastKnownFileType = sourcecode.swift; path = SceneDelegate.swift; sourceTree = "<group>"; };
		E457EA9423A800B4000A7DE7 /* Base */ = {isa = PBXFileReference; lastKnownFileType = file.storyboard; name = Base; path = Base.lproj/Main.storyboard; sourceTree = "<group>"; };
		E457EA9623A800B8000A7DE7 /* Assets.xcassets */ = {isa = PBXFileReference; lastKnownFileType = folder.assetcatalog; path = Assets.xcassets; sourceTree = "<group>"; };
		E457EA9923A800B8000A7DE7 /* Base */ = {isa = PBXFileReference; lastKnownFileType = file.storyboard; name = Base; path = Base.lproj/LaunchScreen.storyboard; sourceTree = "<group>"; };
		E457EA9B23A800B8000A7DE7 /* Info.plist */ = {isa = PBXFileReference; lastKnownFileType = text.plist.xml; path = Info.plist; sourceTree = "<group>"; };
		E4C9D4C723CA0A1400E94A9B /* GoogleService-Info.plist */ = {isa = PBXFileReference; fileEncoding = 4; lastKnownFileType = text.plist.xml; path = "GoogleService-Info.plist"; sourceTree = "<group>"; };
		E4C9D4C923CA128A00E94A9B /* SignInViewController.swift */ = {isa = PBXFileReference; lastKnownFileType = sourcecode.swift; path = SignInViewController.swift; sourceTree = "<group>"; };
		E4C9D4CB23CA377700E94A9B /* HomeViewController.swift */ = {isa = PBXFileReference; lastKnownFileType = sourcecode.swift; path = HomeViewController.swift; sourceTree = "<group>"; };
/* End PBXFileReference section */

/* Begin PBXFrameworksBuildPhase section */
		E457EA8723A800B4000A7DE7 /* Frameworks */ = {
			isa = PBXFrameworksBuildPhase;
			buildActionMask = 2147483647;
			files = (
				BC723CA22412A0BC00184B05 /* CoreLocation.framework in Frameworks */,
				BC723CAB2412A86800184B05 /* MapKit.framework in Frameworks */,
				7575F4E22427AAD600764B77 /* libsqlite3.0.tbd in Frameworks */,
				DE7FB334F579BC3E1AE8ECB9 /* Pods_Around.framework in Frameworks */,
			);
			runOnlyForDeploymentPostprocessing = 0;
		};
/* End PBXFrameworksBuildPhase section */

/* Begin PBXGroup section */
		05D2DF38796A6A7E982F483E /* Frameworks */ = {
			isa = PBXGroup;
			children = (
				7575F4E12427AAB200764B77 /* libsqlite3.0.tbd */,
				BC723CAA2412A86800184B05 /* MapKit.framework */,
				BC723CA02412A07C00184B05 /* CoreLocation.framework */,
				CD6B94DEA20A4AA9F128908C /* Pods_Around.framework */,
			);
			name = Frameworks;
			sourceTree = "<group>";
		};
		BC50C6C8240ECD9E00E596D1 /* Recovered References */ = {
			isa = PBXGroup;
			children = (
			);
			name = "Recovered References";
			sourceTree = "<group>";
		};
		BCE5551123FD433F00D92438 /* Model */ = {
			isa = PBXGroup;
			children = (
				BC5D28AF23FD4A9F00D76D24 /* UserData.swift */,
				BC56093B23D1C01B003DC8FD /* FireBaseManager.swift */,
				BC151A2E2402A26D005CCCB0 /* FireStoreManager.swift */,
				BCCBE1A12403F91C00951426 /* PostManager.swift */,
				BCDF913B240572CD002977B1 /* Product.swift */,
				BC28C8FC2405808500ECF857 /* extention.swift */,
				BC723CA62412A11100184B05 /* LocationService.swift */,
				BC723CAE2412B7A900184B05 /* UserAnnotation.swift */,
				BCB7782C2413F53A00F3617F /* UiColor+Hex.swift */,
				BCB77830241417FA00F3617F /* Artwork.swift */,
				BCB778322414234B00F3617F /* ArtworkViews.swift */,
				BCA7EBA124222B1400BC3A69 /* DBManager.swift */,
				7575F4DF2427A65D00764B77 /* ModelSql.swift */,
				7532189324293284003C0462 /* Posts + Sql.swift */,
				BCB324FC243608670044E5AD /* User + Sql.swift */,
				75B104B0242D1ED3009CCC0A /* Model.swift */,
				BCDC50B12435EE9C0099E6C2 /* UIimage + Extension.swift */,
				BCE092B62441F7F000BD4730 /* Service.swift */,
			);
			path = Model;
			sourceTree = "<group>";
		};
		E0ED0D7D34AD459DF312E677 /* Pods */ = {
			isa = PBXGroup;
			children = (
				284D865E8E08931ADF8C94F8 /* Pods-Around.debug.xcconfig */,
				AF762B1DC884733B41F1C6C3 /* Pods-Around.release.xcconfig */,
			);
			path = Pods;
			sourceTree = "<group>";
		};
		E457EA8123A800B4000A7DE7 = {
			isa = PBXGroup;
			children = (
				E457EA8C23A800B4000A7DE7 /* Around */,
				E457EA8B23A800B4000A7DE7 /* Products */,
				E0ED0D7D34AD459DF312E677 /* Pods */,
				BC50C6C8240ECD9E00E596D1 /* Recovered References */,
				05D2DF38796A6A7E982F483E /* Frameworks */,
			);
			sourceTree = "<group>";
		};
		E457EA8B23A800B4000A7DE7 /* Products */ = {
			isa = PBXGroup;
			children = (
				E457EA8A23A800B4000A7DE7 /* Around.app */,
			);
			name = Products;
			sourceTree = "<group>";
		};
		E457EA8C23A800B4000A7DE7 /* Around */ = {
			isa = PBXGroup;
			children = (
				BCE5551123FD433F00D92438 /* Model */,
				E4C9D4C723CA0A1400E94A9B /* GoogleService-Info.plist */,
				E457EA8D23A800B4000A7DE7 /* AppDelegate.swift */,
				E457EA9623A800B8000A7DE7 /* Assets.xcassets */,
				E457EA9B23A800B8000A7DE7 /* Info.plist */,
				E457EA9823A800B8000A7DE7 /* LaunchScreen.storyboard */,
				E457EA9323A800B4000A7DE7 /* Main.storyboard */,
				E4C9D4C923CA128A00E94A9B /* SignInViewController.swift */,
				BC173D8323FC253100A21104 /* RegisterViewController.swift */,
				E457EA8F23A800B4000A7DE7 /* SceneDelegate.swift */,
				E4C9D4CB23CA377700E94A9B /* HomeViewController.swift */,
				BC84B7AF23F98BFD001A5EBF /* ProfileViewController.swift */,
				BC1E7C8D23FEB44000A13948 /* FeedViewController.swift */,
				BCCBE1A32404022C00951426 /* addPostViewController.swift */,
				BC28C8FE2405824000ECF857 /* ProductCell.swift */,
				BC723CA82412A79D00184B05 /* AroundViewController.swift */,
				7575F4E32427ABFE00764B77 /* Around-Bridging-Header.h */,
				BC54D0212445E28F00921363 /* PopUpPostViewController.swift */,
			);
			path = Around;
			sourceTree = "<group>";
		};
/* End PBXGroup section */

/* Begin PBXNativeTarget section */
		E457EA8923A800B4000A7DE7 /* Around */ = {
			isa = PBXNativeTarget;
			buildConfigurationList = E457EA9E23A800B8000A7DE7 /* Build configuration list for PBXNativeTarget "Around" */;
			buildPhases = (
				95CA8BB8F0AAC3C3CB49E4F9 /* [CP] Check Pods Manifest.lock */,
				E457EA8623A800B4000A7DE7 /* Sources */,
				E457EA8723A800B4000A7DE7 /* Frameworks */,
				E457EA8823A800B4000A7DE7 /* Resources */,
				BCC352BB240D417E00FA1D4E /* Embed Frameworks */,
				D15C728045EF761936EA0B9E /* [CP] Embed Pods Frameworks */,
				840F78588A47B1F26B0E87E1 /* [CP] Copy Pods Resources */,
			);
			buildRules = (
			);
			dependencies = (
			);
			name = Around;
			productName = Around;
			productReference = E457EA8A23A800B4000A7DE7 /* Around.app */;
			productType = "com.apple.product-type.application";
		};
/* End PBXNativeTarget section */

/* Begin PBXProject section */
		E457EA8223A800B4000A7DE7 /* Project object */ = {
			isa = PBXProject;
			attributes = {
				LastSwiftUpdateCheck = 1130;
				LastUpgradeCheck = 1130;
				ORGANIZATIONNAME = "Around team";
				TargetAttributes = {
					E457EA8923A800B4000A7DE7 = {
						CreatedOnToolsVersion = 11.3;
						LastSwiftMigration = 1130;
					};
				};
			};
			buildConfigurationList = E457EA8523A800B4000A7DE7 /* Build configuration list for PBXProject "Around" */;
			compatibilityVersion = "Xcode 9.3";
			developmentRegion = en;
			hasScannedForEncodings = 0;
			knownRegions = (
				en,
				Base,
			);
			mainGroup = E457EA8123A800B4000A7DE7;
			productRefGroup = E457EA8B23A800B4000A7DE7 /* Products */;
			projectDirPath = "";
			projectRoot = "";
			targets = (
				E457EA8923A800B4000A7DE7 /* Around */,
			);
		};
/* End PBXProject section */

/* Begin PBXResourcesBuildPhase section */
		E457EA8823A800B4000A7DE7 /* Resources */ = {
			isa = PBXResourcesBuildPhase;
			buildActionMask = 2147483647;
			files = (
				E457EA9A23A800B8000A7DE7 /* LaunchScreen.storyboard in Resources */,
				E4C9D4C823CA0A1400E94A9B /* GoogleService-Info.plist in Resources */,
				E457EA9723A800B8000A7DE7 /* Assets.xcassets in Resources */,
				E457EA9523A800B4000A7DE7 /* Main.storyboard in Resources */,
			);
			runOnlyForDeploymentPostprocessing = 0;
		};
/* End PBXResourcesBuildPhase section */

/* Begin PBXShellScriptBuildPhase section */
		840F78588A47B1F26B0E87E1 /* [CP] Copy Pods Resources */ = {
			isa = PBXShellScriptBuildPhase;
			buildActionMask = 2147483647;
			files = (
			);
			inputFileListPaths = (
				"${PODS_ROOT}/Target Support Files/Pods-Around/Pods-Around-resources-${CONFIGURATION}-input-files.xcfilelist",
			);
			name = "[CP] Copy Pods Resources";
			outputFileListPaths = (
				"${PODS_ROOT}/Target Support Files/Pods-Around/Pods-Around-resources-${CONFIGURATION}-output-files.xcfilelist",
			);
			runOnlyForDeploymentPostprocessing = 0;
			shellPath = /bin/sh;
			shellScript = "\"${PODS_ROOT}/Target Support Files/Pods-Around/Pods-Around-resources.sh\"\n";
			showEnvVarsInLog = 0;
		};
		95CA8BB8F0AAC3C3CB49E4F9 /* [CP] Check Pods Manifest.lock */ = {
			isa = PBXShellScriptBuildPhase;
			buildActionMask = 2147483647;
			files = (
			);
			inputFileListPaths = (
			);
			inputPaths = (
				"${PODS_PODFILE_DIR_PATH}/Podfile.lock",
				"${PODS_ROOT}/Manifest.lock",
			);
			name = "[CP] Check Pods Manifest.lock";
			outputFileListPaths = (
			);
			outputPaths = (
				"$(DERIVED_FILE_DIR)/Pods-Around-checkManifestLockResult.txt",
			);
			runOnlyForDeploymentPostprocessing = 0;
			shellPath = /bin/sh;
			shellScript = "diff \"${PODS_PODFILE_DIR_PATH}/Podfile.lock\" \"${PODS_ROOT}/Manifest.lock\" > /dev/null\nif [ $? != 0 ] ; then\n    # print error to STDERR\n    echo \"error: The sandbox is not in sync with the Podfile.lock. Run 'pod install' or update your CocoaPods installation.\" >&2\n    exit 1\nfi\n# This output is used by Xcode 'outputs' to avoid re-running this script phase.\necho \"SUCCESS\" > \"${SCRIPT_OUTPUT_FILE_0}\"\n";
			showEnvVarsInLog = 0;
		};
		D15C728045EF761936EA0B9E /* [CP] Embed Pods Frameworks */ = {
			isa = PBXShellScriptBuildPhase;
			buildActionMask = 2147483647;
			files = (
			);
			inputFileListPaths = (
				"${PODS_ROOT}/Target Support Files/Pods-Around/Pods-Around-frameworks-${CONFIGURATION}-input-files.xcfilelist",
			);
			name = "[CP] Embed Pods Frameworks";
			outputFileListPaths = (
				"${PODS_ROOT}/Target Support Files/Pods-Around/Pods-Around-frameworks-${CONFIGURATION}-output-files.xcfilelist",
			);
			runOnlyForDeploymentPostprocessing = 0;
			shellPath = /bin/sh;
			shellScript = "\"${PODS_ROOT}/Target Support Files/Pods-Around/Pods-Around-frameworks.sh\"\n";
			showEnvVarsInLog = 0;
		};
/* End PBXShellScriptBuildPhase section */

/* Begin PBXSourcesBuildPhase section */
		E457EA8623A800B4000A7DE7 /* Sources */ = {
			isa = PBXSourcesBuildPhase;
			buildActionMask = 2147483647;
			files = (
				BC84B7B023F98BFD001A5EBF /* ProfileViewController.swift in Sources */,
				BCDF913C240572CD002977B1 /* Product.swift in Sources */,
				BC1E7C8E23FEB44000A13948 /* FeedViewController.swift in Sources */,
				7575F4E02427A65D00764B77 /* ModelSql.swift in Sources */,
				BC723CAF2412B7A900184B05 /* UserAnnotation.swift in Sources */,
				BCB778332414234B00F3617F /* ArtworkViews.swift in Sources */,
				E4C9D4CC23CA377700E94A9B /* HomeViewController.swift in Sources */,
				BC5D28B023FD4A9F00D76D24 /* UserData.swift in Sources */,
				7532189424293284003C0462 /* Posts + Sql.swift in Sources */,
				BC723CA92412A79D00184B05 /* AroundViewController.swift in Sources */,
				75B104B1242D1ED3009CCC0A /* Model.swift in Sources */,
				BCB7782D2413F53A00F3617F /* UiColor+Hex.swift in Sources */,
				BCE092B72441F7F000BD4730 /* Service.swift in Sources */,
				BC151A2F2402A26D005CCCB0 /* FireStoreManager.swift in Sources */,
				BCDC50B22435EE9C0099E6C2 /* UIimage + Extension.swift in Sources */,
				BC54D0222445E28F00921363 /* PopUpPostViewController.swift in Sources */,
				BC28C8FD2405808500ECF857 /* extention.swift in Sources */,
				BCB77831241417FA00F3617F /* Artwork.swift in Sources */,
				BC173D8423FC253100A21104 /* RegisterViewController.swift in Sources */,
				BCCBE1A22403F91C00951426 /* PostManager.swift in Sources */,
				E4C9D4CA23CA128A00E94A9B /* SignInViewController.swift in Sources */,
				BC723CA72412A11100184B05 /* LocationService.swift in Sources */,
				E457EA8E23A800B4000A7DE7 /* AppDelegate.swift in Sources */,
				BCCBE1A42404022C00951426 /* addPostViewController.swift in Sources */,
				BC28C8FF2405824000ECF857 /* ProductCell.swift in Sources */,
				E457EA9023A800B4000A7DE7 /* SceneDelegate.swift in Sources */,
				BC56093C23D1C01B003DC8FD /* FireBaseManager.swift in Sources */,
				BCA7EBA224222B1400BC3A69 /* DBManager.swift in Sources */,
				BCB324FD243608670044E5AD /* User + Sql.swift in Sources */,
			);
			runOnlyForDeploymentPostprocessing = 0;
		};
/* End PBXSourcesBuildPhase section */

/* Begin PBXVariantGroup section */
		E457EA9323A800B4000A7DE7 /* Main.storyboard */ = {
			isa = PBXVariantGroup;
			children = (
				E457EA9423A800B4000A7DE7 /* Base */,
			);
			name = Main.storyboard;
			sourceTree = "<group>";
		};
		E457EA9823A800B8000A7DE7 /* LaunchScreen.storyboard */ = {
			isa = PBXVariantGroup;
			children = (
				E457EA9923A800B8000A7DE7 /* Base */,
			);
			name = LaunchScreen.storyboard;
			sourceTree = "<group>";
		};
/* End PBXVariantGroup section */

/* Begin XCBuildConfiguration section */
		E457EA9C23A800B8000A7DE7 /* Debug */ = {
			isa = XCBuildConfiguration;
			buildSettings = {
				ALWAYS_SEARCH_USER_PATHS = NO;
				CLANG_ANALYZER_NONNULL = YES;
				CLANG_ANALYZER_NUMBER_OBJECT_CONVERSION = YES_AGGRESSIVE;
				CLANG_CXX_LANGUAGE_STANDARD = "gnu++14";
				CLANG_CXX_LIBRARY = "libc++";
				CLANG_ENABLE_MODULES = YES;
				CLANG_ENABLE_OBJC_ARC = YES;
				CLANG_ENABLE_OBJC_WEAK = YES;
				CLANG_WARN_BLOCK_CAPTURE_AUTORELEASING = YES;
				CLANG_WARN_BOOL_CONVERSION = YES;
				CLANG_WARN_COMMA = YES;
				CLANG_WARN_CONSTANT_CONVERSION = YES;
				CLANG_WARN_DEPRECATED_OBJC_IMPLEMENTATIONS = YES;
				CLANG_WARN_DIRECT_OBJC_ISA_USAGE = YES_ERROR;
				CLANG_WARN_DOCUMENTATION_COMMENTS = YES;
				CLANG_WARN_EMPTY_BODY = YES;
				CLANG_WARN_ENUM_CONVERSION = YES;
				CLANG_WARN_INFINITE_RECURSION = YES;
				CLANG_WARN_INT_CONVERSION = YES;
				CLANG_WARN_NON_LITERAL_NULL_CONVERSION = YES;
				CLANG_WARN_OBJC_IMPLICIT_RETAIN_SELF = YES;
				CLANG_WARN_OBJC_LITERAL_CONVERSION = YES;
				CLANG_WARN_OBJC_ROOT_CLASS = YES_ERROR;
				CLANG_WARN_RANGE_LOOP_ANALYSIS = YES;
				CLANG_WARN_STRICT_PROTOTYPES = YES;
				CLANG_WARN_SUSPICIOUS_MOVE = YES;
				CLANG_WARN_UNGUARDED_AVAILABILITY = YES_AGGRESSIVE;
				CLANG_WARN_UNREACHABLE_CODE = YES;
				CLANG_WARN__DUPLICATE_METHOD_MATCH = YES;
				COPY_PHASE_STRIP = NO;
				DEBUG_INFORMATION_FORMAT = dwarf;
				ENABLE_STRICT_OBJC_MSGSEND = YES;
				ENABLE_TESTABILITY = YES;
				GCC_C_LANGUAGE_STANDARD = gnu11;
				GCC_DYNAMIC_NO_PIC = NO;
				GCC_NO_COMMON_BLOCKS = YES;
				GCC_OPTIMIZATION_LEVEL = 0;
				GCC_PREPROCESSOR_DEFINITIONS = (
					"DEBUG=1",
					"$(inherited)",
				);
				GCC_WARN_64_TO_32_BIT_CONVERSION = YES;
				GCC_WARN_ABOUT_RETURN_TYPE = YES_ERROR;
				GCC_WARN_UNDECLARED_SELECTOR = YES;
				GCC_WARN_UNINITIALIZED_AUTOS = YES_AGGRESSIVE;
				GCC_WARN_UNUSED_FUNCTION = YES;
				GCC_WARN_UNUSED_VARIABLE = YES;
				IPHONEOS_DEPLOYMENT_TARGET = 13.2;
				MTL_ENABLE_DEBUG_INFO = INCLUDE_SOURCE;
				MTL_FAST_MATH = YES;
				ONLY_ACTIVE_ARCH = YES;
				SDKROOT = iphoneos;
				SWIFT_ACTIVE_COMPILATION_CONDITIONS = DEBUG;
				SWIFT_OPTIMIZATION_LEVEL = "-Onone";
			};
			name = Debug;
		};
		E457EA9D23A800B8000A7DE7 /* Release */ = {
			isa = XCBuildConfiguration;
			buildSettings = {
				ALWAYS_SEARCH_USER_PATHS = NO;
				CLANG_ANALYZER_NONNULL = YES;
				CLANG_ANALYZER_NUMBER_OBJECT_CONVERSION = YES_AGGRESSIVE;
				CLANG_CXX_LANGUAGE_STANDARD = "gnu++14";
				CLANG_CXX_LIBRARY = "libc++";
				CLANG_ENABLE_MODULES = YES;
				CLANG_ENABLE_OBJC_ARC = YES;
				CLANG_ENABLE_OBJC_WEAK = YES;
				CLANG_WARN_BLOCK_CAPTURE_AUTORELEASING = YES;
				CLANG_WARN_BOOL_CONVERSION = YES;
				CLANG_WARN_COMMA = YES;
				CLANG_WARN_CONSTANT_CONVERSION = YES;
				CLANG_WARN_DEPRECATED_OBJC_IMPLEMENTATIONS = YES;
				CLANG_WARN_DIRECT_OBJC_ISA_USAGE = YES_ERROR;
				CLANG_WARN_DOCUMENTATION_COMMENTS = YES;
				CLANG_WARN_EMPTY_BODY = YES;
				CLANG_WARN_ENUM_CONVERSION = YES;
				CLANG_WARN_INFINITE_RECURSION = YES;
				CLANG_WARN_INT_CONVERSION = YES;
				CLANG_WARN_NON_LITERAL_NULL_CONVERSION = YES;
				CLANG_WARN_OBJC_IMPLICIT_RETAIN_SELF = YES;
				CLANG_WARN_OBJC_LITERAL_CONVERSION = YES;
				CLANG_WARN_OBJC_ROOT_CLASS = YES_ERROR;
				CLANG_WARN_RANGE_LOOP_ANALYSIS = YES;
				CLANG_WARN_STRICT_PROTOTYPES = YES;
				CLANG_WARN_SUSPICIOUS_MOVE = YES;
				CLANG_WARN_UNGUARDED_AVAILABILITY = YES_AGGRESSIVE;
				CLANG_WARN_UNREACHABLE_CODE = YES;
				CLANG_WARN__DUPLICATE_METHOD_MATCH = YES;
				COPY_PHASE_STRIP = NO;
				DEBUG_INFORMATION_FORMAT = "dwarf-with-dsym";
				ENABLE_NS_ASSERTIONS = NO;
				ENABLE_STRICT_OBJC_MSGSEND = YES;
				GCC_C_LANGUAGE_STANDARD = gnu11;
				GCC_NO_COMMON_BLOCKS = YES;
				GCC_WARN_64_TO_32_BIT_CONVERSION = YES;
				GCC_WARN_ABOUT_RETURN_TYPE = YES_ERROR;
				GCC_WARN_UNDECLARED_SELECTOR = YES;
				GCC_WARN_UNINITIALIZED_AUTOS = YES_AGGRESSIVE;
				GCC_WARN_UNUSED_FUNCTION = YES;
				GCC_WARN_UNUSED_VARIABLE = YES;
				IPHONEOS_DEPLOYMENT_TARGET = 13.2;
				MTL_ENABLE_DEBUG_INFO = NO;
				MTL_FAST_MATH = YES;
				SDKROOT = iphoneos;
				SWIFT_COMPILATION_MODE = wholemodule;
				SWIFT_OPTIMIZATION_LEVEL = "-O";
				VALIDATE_PRODUCT = YES;
			};
			name = Release;
		};
		E457EA9F23A800B8000A7DE7 /* Debug */ = {
			isa = XCBuildConfiguration;
			baseConfigurationReference = 284D865E8E08931ADF8C94F8 /* Pods-Around.debug.xcconfig */;
			buildSettings = {
				ASSETCATALOG_COMPILER_APPICON_NAME = AppIcon;
				CLANG_ENABLE_MODULES = YES;
				CODE_SIGN_STYLE = Automatic;
				DEVELOPMENT_TEAM = F66D4U3NV4;
				INFOPLIST_FILE = Around/Info.plist;
				IPHONEOS_DEPLOYMENT_TARGET = 13.0;
				LD_RUNPATH_SEARCH_PATHS = (
					"$(inherited)",
					"@executable_path/Frameworks",
				);
				PRODUCT_BUNDLE_IDENTIFIER = net.moreroron.Around;
				PRODUCT_NAME = "$(TARGET_NAME)";
				SWIFT_OBJC_BRIDGING_HEADER = "Around/Around-Bridging-Header.h";
				SWIFT_OPTIMIZATION_LEVEL = "-Onone";
				SWIFT_VERSION = 5.0;
				TARGETED_DEVICE_FAMILY = "1,2";
			};
			name = Debug;
		};
		E457EAA023A800B8000A7DE7 /* Release */ = {
			isa = XCBuildConfiguration;
			baseConfigurationReference = AF762B1DC884733B41F1C6C3 /* Pods-Around.release.xcconfig */;
			buildSettings = {
				ASSETCATALOG_COMPILER_APPICON_NAME = AppIcon;
				CLANG_ENABLE_MODULES = YES;
				CODE_SIGN_STYLE = Automatic;
				DEVELOPMENT_TEAM = F66D4U3NV4;
				INFOPLIST_FILE = Around/Info.plist;
				IPHONEOS_DEPLOYMENT_TARGET = 13.0;
				LD_RUNPATH_SEARCH_PATHS = (
					"$(inherited)",
					"@executable_path/Frameworks",
				);
				PRODUCT_BUNDLE_IDENTIFIER = net.moreroron.Around;
				PRODUCT_NAME = "$(TARGET_NAME)";
				SWIFT_OBJC_BRIDGING_HEADER = "Around/Around-Bridging-Header.h";
				SWIFT_VERSION = 5.0;
				TARGETED_DEVICE_FAMILY = "1,2";
			};
			name = Release;
		};
/* End XCBuildConfiguration section */

/* Begin XCConfigurationList section */
		E457EA8523A800B4000A7DE7 /* Build configuration list for PBXProject "Around" */ = {
			isa = XCConfigurationList;
			buildConfigurations = (
				E457EA9C23A800B8000A7DE7 /* Debug */,
				E457EA9D23A800B8000A7DE7 /* Release */,
			);
			defaultConfigurationIsVisible = 0;
			defaultConfigurationName = Release;
		};
		E457EA9E23A800B8000A7DE7 /* Build configuration list for PBXNativeTarget "Around" */ = {
			isa = XCConfigurationList;
			buildConfigurations = (
				E457EA9F23A800B8000A7DE7 /* Debug */,
				E457EAA023A800B8000A7DE7 /* Release */,
			);
			defaultConfigurationIsVisible = 0;
			defaultConfigurationName = Release;
		};
/* End XCConfigurationList section */
	};
	rootObject = E457EA8223A800B4000A7DE7 /* Project object */;
}
